Microsoft Visual Studio Solution File, Format Version 9.00
# Visual Studio 2005
Project("{FAE04EC0-301F-11D3-BF4B-00C04F79EFBC}") = "MapWinGeoProc2005", "MapWinGeoProc2005.csproj", "{7AE7B1DF-7D39-4326-9A62-2EF9D62DEB98}"
EndProject
Global
	GlobalSection(SolutionConfigurationPlatforms) = preSolution
		Debug|Any CPU = Debug|Any CPU
		Release|Any CPU = Release|Any CPU
	EndGlobalSection
	GlobalSection(ProjectConfigurationPlatforms) = postSolution
		{7AE7B1DF-7D39-4326-9A62-2EF9D62DEB98}.Debug|Any CPU.ActiveCfg = Debug|Any CPU
		{7AE7B1DF-7D39-4326-9A62-2EF9D62DEB98}.Debug|Any CPU.Build.0 = Debug|Any CPU
		{7AE7B1DF-7D39-4326-9A62-2EF9D62DEB98}.Release|Any CPU.ActiveCfg = Release|Any CPU
		{7AE7B1DF-7D39-4326-9A62-2EF9D62DEB98}.Release|Any CPU.Build.0 = Release|Any CPU
	EndGlobalSection
	GlobalSection(SolutionProperties) = preSolution
		HideSolutionNode = FALSE
	EndGlobalSection
EndGlobal
